
Microsoft Visual Studio Solution File, Format Version 12.00
# Visual Studio 15
VisualStudioVersion = 15.0.28307.2017
MinimumVisualStudioVersion = 10.0.40219.1
Project("{FAE04EC0-301F-11D3-BF4B-00C04F79EFBC}") = "ReactWebApi", "ReactWebApi\ReactWebApi.csproj", "{646C7BE0-78AE-496F-8191-DCC2B632A7B5}"
EndProject
Global
	GlobalSection(SolutionConfigurationPlatforms) = preSolution
		Debug|Any CPU = Debug|Any CPU
		Release|Any CPU = Release|Any CPU
	EndGlobalSection
	GlobalSection(ProjectConfigurationPlatforms) = postSolution
		{646C7BE0-78AE-496F-8191-DCC2B632A7B5}.Debug|Any CPU.ActiveCfg = Debug|Any CPU
		{646C7BE0-78AE-496F-8191-DCC2B632A7B5}.Debug|Any CPU.Build.0 = Debug|Any CPU
		{646C7BE0-78AE-496F-8191-DCC2B632A7B5}.Release|Any CPU.ActiveCfg = Release|Any CPU
		{646C7BE0-78AE-496F-8191-DCC2B632A7B5}.Release|Any CPU.Build.0 = Release|Any CPU
	EndGlobalSection
	GlobalSection(SolutionProperties) = preSolution
		HideSolutionNode = FALSE
	EndGlobalSection
	GlobalSection(ExtensibilityGlobals) = postSolution
		SolutionGuid = {F2B12216-19F5-4C6D-9E45-28679B5AC7D3}
	EndGlobalSection
EndGlobal
